
Microsoft Visual Studio Solution File, Format Version 12.00
# Visual Studio Version 17
VisualStudioVersion = 17.6.33723.286
MinimumVisualStudioVersion = 10.0.40219.1
Project("{FAE04EC0-301F-11D3-BF4B-00C04F79EFBC}") = "SOLIDs", "SOLIDs\SOLIDs.csproj", "{8BF70BB0-FE68-4742-9EFE-0B85A6AEEC8F}"
EndProject
Global
	GlobalSection(SolutionConfigurationPlatforms) = preSolution
		Debug|Any CPU = Debug|Any CPU
		Release|Any CPU = Release|Any CPU
	EndGlobalSection
	GlobalSection(ProjectConfigurationPlatforms) = postSolution
		{8BF70BB0-FE68-4742-9EFE-0B85A6AEEC8F}.Debug|Any CPU.ActiveCfg = Debug|Any CPU
		{8BF70BB0-FE68-4742-9EFE-0B85A6AEEC8F}.Debug|Any CPU.Build.0 = Debug|Any CPU
		{8BF70BB0-FE68-4742-9EFE-0B85A6AEEC8F}.Release|Any CPU.ActiveCfg = Release|Any CPU
		{8BF70BB0-FE68-4742-9EFE-0B85A6AEEC8F}.Release|Any CPU.Build.0 = Release|Any CPU
	EndGlobalSection
	GlobalSection(SolutionProperties) = preSolution
		HideSolutionNode = FALSE
	EndGlobalSection
	GlobalSection(ExtensibilityGlobals) = postSolution
		SolutionGuid = {5E9F381F-C5F9-46DD-A456-AFA83BD86297}
	EndGlobalSection
EndGlobal
